// !$*UTF8*$!
{
	archiveVersion = 1;
	classes = {
	};
	objectVersion = 55;
	objects = {

/* Begin PBXBuildFile section */
		7B1E6747281AC84C009174DC /* RefreshableScrollView.swift in Sources */ = {isa = PBXBuildFile; fileRef = 7B1E6746281AC84C009174DC /* RefreshableScrollView.swift */; };
		7B1E6749281ADD29009174DC /* MyWebView.swift in Sources */ = {isa = PBXBuildFile; fileRef = 7B1E6748281ADD29009174DC /* MyWebView.swift */; };
		7B1E674B281FDF46009174DC /* MainView.swift in Sources */ = {isa = PBXBuildFile; fileRef = 7B1E674A281FDF46009174DC /* MainView.swift */; };
		7B1E674D281FF9AF009174DC /* View+Extension.swift in Sources */ = {isa = PBXBuildFile; fileRef = 7B1E674C281FF9AF009174DC /* View+Extension.swift */; };
		7B2C8228289D19F6006FDE36 /* EventManager.swift in Sources */ = {isa = PBXBuildFile; fileRef = 7B2C8227289D19F6006FDE36 /* EventManager.swift */; };
		7B7F2FAB280DA19500975CA0 /* ShoesPleaseApp.swift in Sources */ = {isa = PBXBuildFile; fileRef = 7B7F2FAA280DA19500975CA0 /* ShoesPleaseApp.swift */; };
		7B7F2FAF280DA19600975CA0 /* Assets.xcassets in Resources */ = {isa = PBXBuildFile; fileRef = 7B7F2FAE280DA19600975CA0 /* Assets.xcassets */; };
		7B7F2FB2280DA19600975CA0 /* Preview Assets.xcassets in Resources */ = {isa = PBXBuildFile; fileRef = 7B7F2FB1280DA19600975CA0 /* Preview Assets.xcassets */; };
		7B7F2FB9280DA22F00975CA0 /* MainViewModel.swift in Sources */ = {isa = PBXBuildFile; fileRef = 7B7F2FB8280DA22F00975CA0 /* MainViewModel.swift */; };
		7B7F2FBB280DA9DC00975CA0 /* ParseManager.swift in Sources */ = {isa = PBXBuildFile; fileRef = 7B7F2FBA280DA9DC00975CA0 /* ParseManager.swift */; };
		7B7F2FBF281044F700975CA0 /* String.swift in Sources */ = {isa = PBXBuildFile; fileRef = 7B7F2FBE281044F700975CA0 /* String.swift */; };
		7B7F2FC12810450200975CA0 /* Const.swift in Sources */ = {isa = PBXBuildFile; fileRef = 7B7F2FC02810450200975CA0 /* Const.swift */; };
		7B7F2FC32810454F00975CA0 /* URL.swift in Sources */ = {isa = PBXBuildFile; fileRef = 7B7F2FC22810454F00975CA0 /* URL.swift */; };
		7B7F2FC5281050E500975CA0 /* DrawableItem.swift in Sources */ = {isa = PBXBuildFile; fileRef = 7B7F2FC4281050E500975CA0 /* DrawableItem.swift */; };
		7B7F2FCB2812DC7300975CA0 /* NetworkManager.swift in Sources */ = {isa = PBXBuildFile; fileRef = 7B7F2FCA2812DC7300975CA0 /* NetworkManager.swift */; };
		7B7F2FCD28153CCD00975CA0 /* Color.swift in Sources */ = {isa = PBXBuildFile; fileRef = 7B7F2FCC28153CCD00975CA0 /* Color.swift */; };
		7B7F2FCF28153D4000975CA0 /* Colors.xcassets in Resources */ = {isa = PBXBuildFile; fileRef = 7B7F2FCE28153D4000975CA0 /* Colors.xcassets */; };
		7B7F2FD12816BD8800975CA0 /* Launch Screen.storyboard in Resources */ = {isa = PBXBuildFile; fileRef = 7B7F2FD02816BD8800975CA0 /* Launch Screen.storyboard */; };
		7B7F2FD52818FEF500975CA0 /* HapticManager.swift in Sources */ = {isa = PBXBuildFile; fileRef = 7B7F2FD42818FEF500975CA0 /* HapticManager.swift */; };
		7B7F2FDF28190E9E00975CA0 /* InfoPlist.strings in Resources */ = {isa = PBXBuildFile; fileRef = 7B7F2FE128190E9E00975CA0 /* InfoPlist.strings */; };
		DF581C9F9CA714575C557488 /* Pods_ShoesPlease.framework in Frameworks */ = {isa = PBXBuildFile; fileRef = EF87AF3F665B3AE6F68208FB /* Pods_ShoesPlease.framework */; };
/* End PBXBuildFile section */

/* Begin PBXFileReference section */
		7B1E6746281AC84C009174DC /* RefreshableScrollView.swift */ = {isa = PBXFileReference; lastKnownFileType = sourcecode.swift; path = RefreshableScrollView.swift; sourceTree = "<group>"; };
		7B1E6748281ADD29009174DC /* MyWebView.swift */ = {isa = PBXFileReference; lastKnownFileType = sourcecode.swift; path = MyWebView.swift; sourceTree = "<group>"; };
		7B1E674A281FDF46009174DC /* MainView.swift */ = {isa = PBXFileReference; lastKnownFileType = sourcecode.swift; path = MainView.swift; sourceTree = "<group>"; };
		7B1E674C281FF9AF009174DC /* View+Extension.swift */ = {isa = PBXFileReference; lastKnownFileType = sourcecode.swift; path = "View+Extension.swift"; sourceTree = "<group>"; };
		7B2C8226289B6D0F006FDE36 /* Info.plist */ = {isa = PBXFileReference; lastKnownFileType = text.plist; path = Info.plist; sourceTree = "<group>"; };
		7B2C8227289D19F6006FDE36 /* EventManager.swift */ = {isa = PBXFileReference; lastKnownFileType = sourcecode.swift; path = EventManager.swift; sourceTree = "<group>"; };
		7B7F2FA7280DA19500975CA0 /* ShoesPlease.app */ = {isa = PBXFileReference; explicitFileType = wrapper.application; includeInIndex = 0; path = ShoesPlease.app; sourceTree = BUILT_PRODUCTS_DIR; };
		7B7F2FAA280DA19500975CA0 /* ShoesPleaseApp.swift */ = {isa = PBXFileReference; lastKnownFileType = sourcecode.swift; path = ShoesPleaseApp.swift; sourceTree = "<group>"; };
		7B7F2FAE280DA19600975CA0 /* Assets.xcassets */ = {isa = PBXFileReference; lastKnownFileType = folder.assetcatalog; path = Assets.xcassets; sourceTree = "<group>"; };
		7B7F2FB1280DA19600975CA0 /* Preview Assets.xcassets */ = {isa = PBXFileReference; lastKnownFileType = folder.assetcatalog; path = "Preview Assets.xcassets"; sourceTree = "<group>"; };
		7B7F2FB8280DA22F00975CA0 /* MainViewModel.swift */ = {isa = PBXFileReference; fileEncoding = 4; lastKnownFileType = sourcecode.swift; path = MainViewModel.swift; sourceTree = "<group>"; };
		7B7F2FBA280DA9DC00975CA0 /* ParseManager.swift */ = {isa = PBXFileReference; lastKnownFileType = sourcecode.swift; path = ParseManager.swift; sourceTree = "<group>"; };
		7B7F2FBE281044F700975CA0 /* String.swift */ = {isa = PBXFileReference; lastKnownFileType = sourcecode.swift; path = String.swift; sourceTree = "<group>"; };
		7B7F2FC02810450200975CA0 /* Const.swift */ = {isa = PBXFileReference; lastKnownFileType = sourcecode.swift; path = Const.swift; sourceTree = "<group>"; };
		7B7F2FC22810454F00975CA0 /* URL.swift */ = {isa = PBXFileReference; lastKnownFileType = sourcecode.swift; path = URL.swift; sourceTree = "<group>"; };
		7B7F2FC4281050E500975CA0 /* DrawableItem.swift */ = {isa = PBXFileReference; lastKnownFileType = sourcecode.swift; path = DrawableItem.swift; sourceTree = "<group>"; };
		7B7F2FCA2812DC7300975CA0 /* NetworkManager.swift */ = {isa = PBXFileReference; lastKnownFileType = sourcecode.swift; path = NetworkManager.swift; sourceTree = "<group>"; };
		7B7F2FCC28153CCD00975CA0 /* Color.swift */ = {isa = PBXFileReference; lastKnownFileType = sourcecode.swift; path = Color.swift; sourceTree = "<group>"; };
		7B7F2FCE28153D4000975CA0 /* Colors.xcassets */ = {isa = PBXFileReference; lastKnownFileType = folder.assetcatalog; path = Colors.xcassets; sourceTree = "<group>"; };
		7B7F2FD02816BD8800975CA0 /* Launch Screen.storyboard */ = {isa = PBXFileReference; lastKnownFileType = file.storyboard; path = "Launch Screen.storyboard"; sourceTree = "<group>"; };
		7B7F2FD42818FEF500975CA0 /* HapticManager.swift */ = {isa = PBXFileReference; lastKnownFileType = sourcecode.swift; path = HapticManager.swift; sourceTree = "<group>"; };
		7B7F2FE228190EA200975CA0 /* ko */ = {isa = PBXFileReference; lastKnownFileType = text.plist.strings; name = ko; path = ko.lproj/InfoPlist.strings; sourceTree = "<group>"; };
		7B7F2FE328190F2A00975CA0 /* en */ = {isa = PBXFileReference; lastKnownFileType = text.plist.strings; name = en; path = en.lproj/InfoPlist.strings; sourceTree = "<group>"; };
		A41AB2C3E42D607E75645FB5 /* Pods-ShoesPlease.debug.xcconfig */ = {isa = PBXFileReference; includeInIndex = 1; lastKnownFileType = text.xcconfig; name = "Pods-ShoesPlease.debug.xcconfig"; path = "Target Support Files/Pods-ShoesPlease/Pods-ShoesPlease.debug.xcconfig"; sourceTree = "<group>"; };
		A5F741F6B2346C4C5E778E9C /* Pods-NikeTheDrawNotiApp.debug.xcconfig */ = {isa = PBXFileReference; includeInIndex = 1; lastKnownFileType = text.xcconfig; name = "Pods-NikeTheDrawNotiApp.debug.xcconfig"; path = "Target Support Files/Pods-NikeTheDrawNotiApp/Pods-NikeTheDrawNotiApp.debug.xcconfig"; sourceTree = "<group>"; };
		B586E03DCEBBF36FDE27483A /* Pods-ShoesPlease.release.xcconfig */ = {isa = PBXFileReference; includeInIndex = 1; lastKnownFileType = text.xcconfig; name = "Pods-ShoesPlease.release.xcconfig"; path = "Target Support Files/Pods-ShoesPlease/Pods-ShoesPlease.release.xcconfig"; sourceTree = "<group>"; };
		C3E26EF1429C86DE04E31ED5 /* Pods-NikeTheDrawNotiApp.release.xcconfig */ = {isa = PBXFileReference; includeInIndex = 1; lastKnownFileType = text.xcconfig; name = "Pods-NikeTheDrawNotiApp.release.xcconfig"; path = "Target Support Files/Pods-NikeTheDrawNotiApp/Pods-NikeTheDrawNotiApp.release.xcconfig"; sourceTree = "<group>"; };
		EF87AF3F665B3AE6F68208FB /* Pods_ShoesPlease.framework */ = {isa = PBXFileReference; explicitFileType = wrapper.framework; includeInIndex = 0; path = Pods_ShoesPlease.framework; sourceTree = BUILT_PRODUCTS_DIR; };
/* End PBXFileReference section */

/* Begin PBXFrameworksBuildPhase section */
		7B7F2FA4280DA19500975CA0 /* Frameworks */ = {
			isa = PBXFrameworksBuildPhase;
			buildActionMask = 2147483647;
			files = (
				DF581C9F9CA714575C557488 /* Pods_ShoesPlease.framework in Frameworks */,
			);
			runOnlyForDeploymentPostprocessing = 0;
		};
/* End PBXFrameworksBuildPhase section */

/* Begin PBXGroup section */
		34558DB1589F4A7AD4B7E6DB /* Pods */ = {
			isa = PBXGroup;
			children = (
				A5F741F6B2346C4C5E778E9C /* Pods-NikeTheDrawNotiApp.debug.xcconfig */,
				C3E26EF1429C86DE04E31ED5 /* Pods-NikeTheDrawNotiApp.release.xcconfig */,
				A41AB2C3E42D607E75645FB5 /* Pods-ShoesPlease.debug.xcconfig */,
				B586E03DCEBBF36FDE27483A /* Pods-ShoesPlease.release.xcconfig */,
			);
			path = Pods;
			sourceTree = "<group>";
		};
		7B1E674E281FF9B3009174DC /* Extensions */ = {
			isa = PBXGroup;
			children = (
				7B1E674C281FF9AF009174DC /* View+Extension.swift */,
			);
			path = Extensions;
			sourceTree = "<group>";
		};
		7B7F2F9E280DA19500975CA0 = {
			isa = PBXGroup;
			children = (
				7B7F2FA9280DA19500975CA0 /* ShoesPlease */,
				7B7F2FA8280DA19500975CA0 /* Products */,
				34558DB1589F4A7AD4B7E6DB /* Pods */,
				7F00F610800371028228E0C4 /* Frameworks */,
			);
			sourceTree = "<group>";
		};
		7B7F2FA8280DA19500975CA0 /* Products */ = {
			isa = PBXGroup;
			children = (
				7B7F2FA7280DA19500975CA0 /* ShoesPlease.app */,
			);
			name = Products;
			sourceTree = "<group>";
		};
		7B7F2FA9280DA19500975CA0 /* ShoesPlease */ = {
			isa = PBXGroup;
			children = (
				7B2C8226289B6D0F006FDE36 /* Info.plist */,
				7B7F2FBD281044E700975CA0 /* Resources */,
				7B7F2FC628105B1800975CA0 /* Sources */,
				7B7F2FAE280DA19600975CA0 /* Assets.xcassets */,
				7B7F2FCE28153D4000975CA0 /* Colors.xcassets */,
				7B7F2FD02816BD8800975CA0 /* Launch Screen.storyboard */,
				7B7F2FB0280DA19600975CA0 /* Preview Content */,
			);
			path = ShoesPlease;
			sourceTree = "<group>";
		};
		7B7F2FB0280DA19600975CA0 /* Preview Content */ = {
			isa = PBXGroup;
			children = (
				7B7F2FB1280DA19600975CA0 /* Preview Assets.xcassets */,
			);
			path = "Preview Content";
			sourceTree = "<group>";
		};
		7B7F2FBC281044DA00975CA0 /* Constants */ = {
			isa = PBXGroup;
			children = (
				7B7F2FC02810450200975CA0 /* Const.swift */,
				7B7F2FBE281044F700975CA0 /* String.swift */,
				7B7F2FC22810454F00975CA0 /* URL.swift */,
				7B7F2FCC28153CCD00975CA0 /* Color.swift */,
			);
			path = Constants;
			sourceTree = "<group>";
		};
		7B7F2FBD281044E700975CA0 /* Resources */ = {
			isa = PBXGroup;
			children = (
				7B7F2FE128190E9E00975CA0 /* InfoPlist.strings */,
				7B7F2FBC281044DA00975CA0 /* Constants */,
			);
			path = Resources;
			sourceTree = "<group>";
		};
		7B7F2FC628105B1800975CA0 /* Sources */ = {
			isa = PBXGroup;
			children = (
				7B7F2FAA280DA19500975CA0 /* ShoesPleaseApp.swift */,
				7B7F2FCA2812DC7300975CA0 /* NetworkManager.swift */,
				7B7F2FBA280DA9DC00975CA0 /* ParseManager.swift */,
				7B7F2FD42818FEF500975CA0 /* HapticManager.swift */,
				7B2C8227289D19F6006FDE36 /* EventManager.swift */,
				7B7F2FC728105B4100975CA0 /* Models */,
				7B7F2FC828105B4E00975CA0 /* ViewModels */,
				7B7F2FC928105B5400975CA0 /* Views */,
				7B1E674E281FF9B3009174DC /* Extensions */,
			);
			path = Sources;
			sourceTree = "<group>";
		};
		7B7F2FC728105B4100975CA0 /* Models */ = {
			isa = PBXGroup;
			children = (
				7B7F2FC4281050E500975CA0 /* DrawableItem.swift */,
			);
			path = Models;
			sourceTree = "<group>";
		};
		7B7F2FC828105B4E00975CA0 /* ViewModels */ = {
			isa = PBXGroup;
			children = (
				7B7F2FB8280DA22F00975CA0 /* MainViewModel.swift */,
			);
			path = ViewModels;
			sourceTree = "<group>";
		};
		7B7F2FC928105B5400975CA0 /* Views */ = {
			isa = PBXGroup;
			children = (
				7B1E674A281FDF46009174DC /* MainView.swift */,
				7B1E6746281AC84C009174DC /* RefreshableScrollView.swift */,
				7B1E6748281ADD29009174DC /* MyWebView.swift */,
			);
			path = Views;
			sourceTree = "<group>";
		};
		7F00F610800371028228E0C4 /* Frameworks */ = {
			isa = PBXGroup;
			children = (
				EF87AF3F665B3AE6F68208FB /* Pods_ShoesPlease.framework */,
			);
			name = Frameworks;
			sourceTree = "<group>";
		};
/* End PBXGroup section */

/* Begin PBXNativeTarget section */
		7B7F2FA6280DA19500975CA0 /* ShoesPlease */ = {
			isa = PBXNativeTarget;
			buildConfigurationList = 7B7F2FB5280DA19600975CA0 /* Build configuration list for PBXNativeTarget "ShoesPlease" */;
			buildPhases = (
				62301529D45B6E6292F71916 /* [CP] Check Pods Manifest.lock */,
				7B7F2FA3280DA19500975CA0 /* Sources */,
				7B7F2FA4280DA19500975CA0 /* Frameworks */,
				7B7F2FA5280DA19500975CA0 /* Resources */,
				AC989DC110206016506D56FE /* [CP] Embed Pods Frameworks */,
			);
			buildRules = (
			);
			dependencies = (
			);
			name = ShoesPlease;
			productName = NikeTheDrawNotiApp;
			productReference = 7B7F2FA7280DA19500975CA0 /* ShoesPlease.app */;
			productType = "com.apple.product-type.application";
		};
/* End PBXNativeTarget section */

/* Begin PBXProject section */
		7B7F2F9F280DA19500975CA0 /* Project object */ = {
			isa = PBXProject;
			attributes = {
				BuildIndependentTargetsInParallel = 1;
				LastSwiftUpdateCheck = 1330;
				LastUpgradeCheck = 1330;
				TargetAttributes = {
					7B7F2FA6280DA19500975CA0 = {
						CreatedOnToolsVersion = 13.3;
					};
				};
			};
			buildConfigurationList = 7B7F2FA2280DA19500975CA0 /* Build configuration list for PBXProject "ShoesPlease" */;
			compatibilityVersion = "Xcode 13.0";
			developmentRegion = en;
			hasScannedForEncodings = 0;
			knownRegions = (
				en,
				Base,
				ko,
			);
			mainGroup = 7B7F2F9E280DA19500975CA0;
			productRefGroup = 7B7F2FA8280DA19500975CA0 /* Products */;
			projectDirPath = "";
			projectRoot = "";
			targets = (
				7B7F2FA6280DA19500975CA0 /* ShoesPlease */,
			);
		};
/* End PBXProject section */

/* Begin PBXResourcesBuildPhase section */
		7B7F2FA5280DA19500975CA0 /* Resources */ = {
			isa = PBXResourcesBuildPhase;
			buildActionMask = 2147483647;
			files = (
				7B7F2FCF28153D4000975CA0 /* Colors.xcassets in Resources */,
				7B7F2FB2280DA19600975CA0 /* Preview Assets.xcassets in Resources */,
				7B7F2FD12816BD8800975CA0 /* Launch Screen.storyboard in Resources */,
				7B7F2FAF280DA19600975CA0 /* Assets.xcassets in Resources */,
				7B7F2FDF28190E9E00975CA0 /* InfoPlist.strings in Resources */,
			);
			runOnlyForDeploymentPostprocessing = 0;
		};
/* End PBXResourcesBuildPhase section */

/* Begin PBXShellScriptBuildPhase section */
		62301529D45B6E6292F71916 /* [CP] Check Pods Manifest.lock */ = {
			isa = PBXShellScriptBuildPhase;
			buildActionMask = 2147483647;
			files = (
			);
			inputFileListPaths = (
			);
			inputPaths = (
				"${PODS_PODFILE_DIR_PATH}/Podfile.lock",
				"${PODS_ROOT}/Manifest.lock",
			);
			name = "[CP] Check Pods Manifest.lock";
			outputFileListPaths = (
			);
			outputPaths = (
				"$(DERIVED_FILE_DIR)/Pods-ShoesPlease-checkManifestLockResult.txt",
			);
			runOnlyForDeploymentPostprocessing = 0;
			shellPath = /bin/sh;
			shellScript = "diff \"${PODS_PODFILE_DIR_PATH}/Podfile.lock\" \"${PODS_ROOT}/Manifest.lock\" > /dev/null\nif [ $? != 0 ] ; then\n    # print error to STDERR\n    echo \"error: The sandbox is not in sync with the Podfile.lock. Run 'pod install' or update your CocoaPods installation.\" >&2\n    exit 1\nfi\n# This output is used by Xcode 'outputs' to avoid re-running this script phase.\necho \"SUCCESS\" > \"${SCRIPT_OUTPUT_FILE_0}\"\n";
			showEnvVarsInLog = 0;
		};
		AC989DC110206016506D56FE /* [CP] Embed Pods Frameworks */ = {
			isa = PBXShellScriptBuildPhase;
			buildActionMask = 2147483647;
			files = (
			);
			inputFileListPaths = (
				"${PODS_ROOT}/Target Support Files/Pods-ShoesPlease/Pods-ShoesPlease-frameworks-${CONFIGURATION}-input-files.xcfilelist",
			);
			name = "[CP] Embed Pods Frameworks";
			outputFileListPaths = (
				"${PODS_ROOT}/Target Support Files/Pods-ShoesPlease/Pods-ShoesPlease-frameworks-${CONFIGURATION}-output-files.xcfilelist",
			);
			runOnlyForDeploymentPostprocessing = 0;
			shellPath = /bin/sh;
			shellScript = "\"${PODS_ROOT}/Target Support Files/Pods-ShoesPlease/Pods-ShoesPlease-frameworks.sh\"\n";
			showEnvVarsInLog = 0;
		};
/* End PBXShellScriptBuildPhase section */

/* Begin PBXSourcesBuildPhase section */
		7B7F2FA3280DA19500975CA0 /* Sources */ = {
			isa = PBXSourcesBuildPhase;
			buildActionMask = 2147483647;
			files = (
				7B2C8228289D19F6006FDE36 /* EventManager.swift in Sources */,
				7B7F2FCB2812DC7300975CA0 /* NetworkManager.swift in Sources */,
				7B1E6749281ADD29009174DC /* MyWebView.swift in Sources */,
				7B7F2FAB280DA19500975CA0 /* ShoesPleaseApp.swift in Sources */,
				7B7F2FCD28153CCD00975CA0 /* Color.swift in Sources */,
				7B7F2FC5281050E500975CA0 /* DrawableItem.swift in Sources */,
				7B7F2FBF281044F700975CA0 /* String.swift in Sources */,
				7B1E674D281FF9AF009174DC /* View+Extension.swift in Sources */,
				7B7F2FC32810454F00975CA0 /* URL.swift in Sources */,
				7B1E674B281FDF46009174DC /* MainView.swift in Sources */,
				7B7F2FB9280DA22F00975CA0 /* MainViewModel.swift in Sources */,
				7B7F2FD52818FEF500975CA0 /* HapticManager.swift in Sources */,
				7B7F2FBB280DA9DC00975CA0 /* ParseManager.swift in Sources */,
				7B7F2FC12810450200975CA0 /* Const.swift in Sources */,
				7B1E6747281AC84C009174DC /* RefreshableScrollView.swift in Sources */,
			);
			runOnlyForDeploymentPostprocessing = 0;
		};
/* End PBXSourcesBuildPhase section */

/* Begin PBXVariantGroup section */
		7B7F2FE128190E9E00975CA0 /* InfoPlist.strings */ = {
			isa = PBXVariantGroup;
			children = (
				7B7F2FE228190EA200975CA0 /* ko */,
				7B7F2FE328190F2A00975CA0 /* en */,
			);
			name = InfoPlist.strings;
			sourceTree = "<group>";
		};
/* End PBXVariantGroup section */

/* Begin XCBuildConfiguration section */
		7B7F2FB3280DA19600975CA0 /* Debug */ = {
			isa = XCBuildConfiguration;
			buildSettings = {
				ALWAYS_SEARCH_USER_PATHS = NO;
				CLANG_ANALYZER_NONNULL = YES;
				CLANG_ANALYZER_NUMBER_OBJECT_CONVERSION = YES_AGGRESSIVE;
				CLANG_CXX_LANGUAGE_STANDARD = "gnu++17";
				CLANG_ENABLE_MODULES = YES;
				CLANG_ENABLE_OBJC_ARC = YES;
				CLANG_ENABLE_OBJC_WEAK = YES;
				CLANG_WARN_BLOCK_CAPTURE_AUTORELEASING = YES;
				CLANG_WARN_BOOL_CONVERSION = YES;
				CLANG_WARN_COMMA = YES;
				CLANG_WARN_CONSTANT_CONVERSION = YES;
				CLANG_WARN_DEPRECATED_OBJC_IMPLEMENTATIONS = YES;
				CLANG_WARN_DIRECT_OBJC_ISA_USAGE = YES_ERROR;
				CLANG_WARN_DOCUMENTATION_COMMENTS = YES;
				CLANG_WARN_EMPTY_BODY = YES;
				CLANG_WARN_ENUM_CONVERSION = YES;
				CLANG_WARN_INFINITE_RECURSION = YES;
				CLANG_WARN_INT_CONVERSION = YES;
				CLANG_WARN_NON_LITERAL_NULL_CONVERSION = YES;
				CLANG_WARN_OBJC_IMPLICIT_RETAIN_SELF = YES;
				CLANG_WARN_OBJC_LITERAL_CONVERSION = YES;
				CLANG_WARN_OBJC_ROOT_CLASS = YES_ERROR;
				CLANG_WARN_QUOTED_INCLUDE_IN_FRAMEWORK_HEADER = YES;
				CLANG_WARN_RANGE_LOOP_ANALYSIS = YES;
				CLANG_WARN_STRICT_PROTOTYPES = YES;
				CLANG_WARN_SUSPICIOUS_MOVE = YES;
				CLANG_WARN_UNGUARDED_AVAILABILITY = YES_AGGRESSIVE;
				CLANG_WARN_UNREACHABLE_CODE = YES;
				CLANG_WARN__DUPLICATE_METHOD_MATCH = YES;
				COPY_PHASE_STRIP = NO;
				DEBUG_INFORMATION_FORMAT = dwarf;
				ENABLE_STRICT_OBJC_MSGSEND = YES;
				ENABLE_TESTABILITY = YES;
				GCC_C_LANGUAGE_STANDARD = gnu11;
				GCC_DYNAMIC_NO_PIC = NO;
				GCC_NO_COMMON_BLOCKS = YES;
				GCC_OPTIMIZATION_LEVEL = 0;
				GCC_PREPROCESSOR_DEFINITIONS = (
					"DEBUG=1",
					"$(inherited)",
				);
				GCC_WARN_64_TO_32_BIT_CONVERSION = YES;
				GCC_WARN_ABOUT_RETURN_TYPE = YES_ERROR;
				GCC_WARN_UNDECLARED_SELECTOR = YES;
				GCC_WARN_UNINITIALIZED_AUTOS = YES_AGGRESSIVE;
				GCC_WARN_UNUSED_FUNCTION = YES;
				GCC_WARN_UNUSED_VARIABLE = YES;
				IPHONEOS_DEPLOYMENT_TARGET = 15.4;
				MTL_ENABLE_DEBUG_INFO = INCLUDE_SOURCE;
				MTL_FAST_MATH = YES;
				ONLY_ACTIVE_ARCH = YES;
				SDKROOT = iphoneos;
				SWIFT_ACTIVE_COMPILATION_CONDITIONS = DEBUG;
				SWIFT_OPTIMIZATION_LEVEL = "-Onone";
			};
			name = Debug;
		};
		7B7F2FB4280DA19600975CA0 /* Release */ = {
			isa = XCBuildConfiguration;
			buildSettings = {
				ALWAYS_SEARCH_USER_PATHS = NO;
				CLANG_ANALYZER_NONNULL = YES;
				CLANG_ANALYZER_NUMBER_OBJECT_CONVERSION = YES_AGGRESSIVE;
				CLANG_CXX_LANGUAGE_STANDARD = "gnu++17";
				CLANG_ENABLE_MODULES = YES;
				CLANG_ENABLE_OBJC_ARC = YES;
				CLANG_ENABLE_OBJC_WEAK = YES;
				CLANG_WARN_BLOCK_CAPTURE_AUTORELEASING = YES;
				CLANG_WARN_BOOL_CONVERSION = YES;
				CLANG_WARN_COMMA = YES;
				CLANG_WARN_CONSTANT_CONVERSION = YES;
				CLANG_WARN_DEPRECATED_OBJC_IMPLEMENTATIONS = YES;
				CLANG_WARN_DIRECT_OBJC_ISA_USAGE = YES_ERROR;
				CLANG_WARN_DOCUMENTATION_COMMENTS = YES;
				CLANG_WARN_EMPTY_BODY = YES;
				CLANG_WARN_ENUM_CONVERSION = YES;
				CLANG_WARN_INFINITE_RECURSION = YES;
				CLANG_WARN_INT_CONVERSION = YES;
				CLANG_WARN_NON_LITERAL_NULL_CONVERSION = YES;
				CLANG_WARN_OBJC_IMPLICIT_RETAIN_SELF = YES;
				CLANG_WARN_OBJC_LITERAL_CONVERSION = YES;
				CLANG_WARN_OBJC_ROOT_CLASS = YES_ERROR;
				CLANG_WARN_QUOTED_INCLUDE_IN_FRAMEWORK_HEADER = YES;
				CLANG_WARN_RANGE_LOOP_ANALYSIS = YES;
				CLANG_WARN_STRICT_PROTOTYPES = YES;
				CLANG_WARN_SUSPICIOUS_MOVE = YES;
				CLANG_WARN_UNGUARDED_AVAILABILITY = YES_AGGRESSIVE;
				CLANG_WARN_UNREACHABLE_CODE = YES;
				CLANG_WARN__DUPLICATE_METHOD_MATCH = YES;
				COPY_PHASE_STRIP = NO;
				DEBUG_INFORMATION_FORMAT = "dwarf-with-dsym";
				ENABLE_NS_ASSERTIONS = NO;
				ENABLE_STRICT_OBJC_MSGSEND = YES;
				GCC_C_LANGUAGE_STANDARD = gnu11;
				GCC_NO_COMMON_BLOCKS = YES;
				GCC_WARN_64_TO_32_BIT_CONVERSION = YES;
				GCC_WARN_ABOUT_RETURN_TYPE = YES_ERROR;
				GCC_WARN_UNDECLARED_SELECTOR = YES;
				GCC_WARN_UNINITIALIZED_AUTOS = YES_AGGRESSIVE;
				GCC_WARN_UNUSED_FUNCTION = YES;
				GCC_WARN_UNUSED_VARIABLE = YES;
				IPHONEOS_DEPLOYMENT_TARGET = 15.4;
				MTL_ENABLE_DEBUG_INFO = NO;
				MTL_FAST_MATH = YES;
				SDKROOT = iphoneos;
				SWIFT_COMPILATION_MODE = wholemodule;
				SWIFT_OPTIMIZATION_LEVEL = "-O";
				VALIDATE_PRODUCT = YES;
			};
			name = Release;
		};
		7B7F2FB6280DA19600975CA0 /* Debug */ = {
			isa = XCBuildConfiguration;
			baseConfigurationReference = A41AB2C3E42D607E75645FB5 /* Pods-ShoesPlease.debug.xcconfig */;
			buildSettings = {
				ASSETCATALOG_COMPILER_APPICON_NAME = AppIcon;
				ASSETCATALOG_COMPILER_GLOBAL_ACCENT_COLOR_NAME = AccentColor;
				CODE_SIGN_IDENTITY = "iPhone Developer";
				CODE_SIGN_STYLE = Manual;
				CURRENT_PROJECT_VERSION = 3;
				DEVELOPMENT_ASSET_PATHS = "\"ShoesPlease/Preview Content\"";
				DEVELOPMENT_TEAM = MPMHNJMTGA;
				ENABLE_PREVIEWS = YES;
				GENERATE_INFOPLIST_FILE = YES;
				INFOPLIST_FILE = ShoesPlease/Info.plist;
				INFOPLIST_KEY_NSCalendarsUsageDescription = "이벤트를 추가하기 위해 사용됩니다.";
				INFOPLIST_KEY_UIApplicationSceneManifest_Generation = YES;
				INFOPLIST_KEY_UIApplicationSupportsIndirectInputEvents = YES;
				INFOPLIST_KEY_UILaunchScreen_Generation = YES;
				INFOPLIST_KEY_UILaunchStoryboardName = "Launch Screen";
				INFOPLIST_KEY_UISupportedInterfaceOrientations_iPad = "UIInterfaceOrientationPortrait UIInterfaceOrientationPortraitUpsideDown UIInterfaceOrientationLandscapeLeft UIInterfaceOrientationLandscapeRight";
				INFOPLIST_KEY_UISupportedInterfaceOrientations_iPhone = "UIInterfaceOrientationPortrait UIInterfaceOrientationLandscapeLeft UIInterfaceOrientationLandscapeRight";
				IPHONEOS_DEPLOYMENT_TARGET = 15.0;
				LD_RUNPATH_SEARCH_PATHS = (
					"$(inherited)",
					"@executable_path/Frameworks",
				);
				MARKETING_VERSION = 1.0;
				PRODUCT_BUNDLE_IDENTIFIER = com.YoungKing.ShoesPlease;
				PRODUCT_NAME = ShoesPlease;
				PROVISIONING_PROFILE_SPECIFIER = dev_youngk;
				SWIFT_EMIT_LOC_STRINGS = YES;
				SWIFT_VERSION = 5.0;
				TARGETED_DEVICE_FAMILY = "1,2";
			};
			name = Debug;
		};
		7B7F2FB7280DA19600975CA0 /* Release */ = {
			isa = XCBuildConfiguration;
			baseConfigurationReference = B586E03DCEBBF36FDE27483A /* Pods-ShoesPlease.release.xcconfig */;
			buildSettings = {
				ASSETCATALOG_COMPILER_APPICON_NAME = AppIcon;
				ASSETCATALOG_COMPILER_GLOBAL_ACCENT_COLOR_NAME = AccentColor;
				CODE_SIGN_IDENTITY = "iPhone Distribution";
				CODE_SIGN_STYLE = Manual;
				CURRENT_PROJECT_VERSION = 3;
				DEVELOPMENT_ASSET_PATHS = "\"ShoesPlease/Preview Content\"";
				DEVELOPMENT_TEAM = MPMHNJMTGA;
				ENABLE_PREVIEWS = YES;
				GENERATE_INFOPLIST_FILE = YES;
				INFOPLIST_FILE = ShoesPlease/Info.plist;
				INFOPLIST_KEY_NSCalendarsUsageDescription = "이벤트를 추가하기 위해 사용됩니다.";
				INFOPLIST_KEY_UIApplicationSceneManifest_Generation = YES;
				INFOPLIST_KEY_UIApplicationSupportsIndirectInputEvents = YES;
				INFOPLIST_KEY_UILaunchScreen_Generation = YES;
				INFOPLIST_KEY_UILaunchStoryboardName = "Launch Screen";
				INFOPLIST_KEY_UISupportedInterfaceOrientations_iPad = "UIInterfaceOrientationPortrait UIInterfaceOrientationPortraitUpsideDown UIInterfaceOrientationLandscapeLeft UIInterfaceOrientationLandscapeRight";
				INFOPLIST_KEY_UISupportedInterfaceOrientations_iPhone = "UIInterfaceOrientationPortrait UIInterfaceOrientationLandscapeLeft UIInterfaceOrientationLandscapeRight";
				IPHONEOS_DEPLOYMENT_TARGET = 15.0;
				LD_RUNPATH_SEARCH_PATHS = (
					"$(inherited)",
					"@executable_path/Frameworks",
				);
				MARKETING_VERSION = 1.0;
				PRODUCT_BUNDLE_IDENTIFIER = com.YoungKing.ShoesPlease;
				PRODUCT_NAME = ShoesPlease;
				PROVISIONING_PROFILE_SPECIFIER = adhoc_youngk;
				SWIFT_EMIT_LOC_STRINGS = YES;
				SWIFT_VERSION = 5.0;
				TARGETED_DEVICE_FAMILY = "1,2";
			};
			name = Release;
		};
/* End XCBuildConfiguration section */

/* Begin XCConfigurationList section */
		7B7F2FA2280DA19500975CA0 /* Build configuration list for PBXProject "ShoesPlease" */ = {
			isa = XCConfigurationList;
			buildConfigurations = (
				7B7F2FB3280DA19600975CA0 /* Debug */,
				7B7F2FB4280DA19600975CA0 /* Release */,
			);
			defaultConfigurationIsVisible = 0;
			defaultConfigurationName = Release;
		};
		7B7F2FB5280DA19600975CA0 /* Build configuration list for PBXNativeTarget "ShoesPlease" */ = {
			isa = XCConfigurationList;
			buildConfigurations = (
				7B7F2FB6280DA19600975CA0 /* Debug */,
				7B7F2FB7280DA19600975CA0 /* Release */,
			);
			defaultConfigurationIsVisible = 0;
			defaultConfigurationName = Release;
		};
/* End XCConfigurationList section */
	};
	rootObject = 7B7F2F9F280DA19500975CA0 /* Project object */;
}
